// !$*UTF8*$!
{
	archiveVersion = 1;
	classes = {
	};
	objectVersion = 48;
	objects = {

/* Begin PBXBuildFile section */
		38CE09BD238F9734BE1AE132 /* Pods_Instagram.framework in Frameworks */ = {isa = PBXBuildFile; fileRef = 8B995FBBBD554434098CCA29 /* Pods_Instagram.framework */; };
		938C83AF45F33C92963F091A /* Pods_InstagramTests.framework in Frameworks */ = {isa = PBXBuildFile; fileRef = 83425D2A3798CEAFDFC34844 /* Pods_InstagramTests.framework */; };
		E55B992A40621DB774418340 /* Pods_InstagramUITests.framework in Frameworks */ = {isa = PBXBuildFile; fileRef = 4E8E47477AEE4F582201994A /* Pods_InstagramUITests.framework */; };
		FC9AD768201FE48500A89698 /* AppDelegate.swift in Sources */ = {isa = PBXBuildFile; fileRef = FC9AD767201FE48500A89698 /* AppDelegate.swift */; };
		FC9AD76D201FE48500A89698 /* Main.storyboard in Resources */ = {isa = PBXBuildFile; fileRef = FC9AD76B201FE48500A89698 /* Main.storyboard */; };
		FC9AD76F201FE48500A89698 /* Assets.xcassets in Resources */ = {isa = PBXBuildFile; fileRef = FC9AD76E201FE48500A89698 /* Assets.xcassets */; };
		FC9AD772201FE48500A89698 /* LaunchScreen.storyboard in Resources */ = {isa = PBXBuildFile; fileRef = FC9AD770201FE48500A89698 /* LaunchScreen.storyboard */; };
		FC9AD77D201FE48500A89698 /* InstagramTests.swift in Sources */ = {isa = PBXBuildFile; fileRef = FC9AD77C201FE48500A89698 /* InstagramTests.swift */; };
		FC9AD788201FE48500A89698 /* InstagramUITests.swift in Sources */ = {isa = PBXBuildFile; fileRef = FC9AD787201FE48500A89698 /* InstagramUITests.swift */; };
		FC9AD796201FE51700A89698 /* GoogleService-Info.plist in Resources */ = {isa = PBXBuildFile; fileRef = FC9AD795201FE51700A89698 /* GoogleService-Info.plist */; };
		FC9AD797201FE51700A89698 /* GoogleService-Info.plist in Resources */ = {isa = PBXBuildFile; fileRef = FC9AD795201FE51700A89698 /* GoogleService-Info.plist */; };
		FC9AD798201FE51700A89698 /* GoogleService-Info.plist in Resources */ = {isa = PBXBuildFile; fileRef = FC9AD795201FE51700A89698 /* GoogleService-Info.plist */; };
		FC9AD79A201FE8EF00A89698 /* LoginViewController.swift in Sources */ = {isa = PBXBuildFile; fileRef = FC9AD799201FE8EF00A89698 /* LoginViewController.swift */; };
		FC9AD79E2020319400A89698 /* HomeFeedViewController.swift in Sources */ = {isa = PBXBuildFile; fileRef = FC9AD79D2020319300A89698 /* HomeFeedViewController.swift */; };
		FC9AD7C5202398CE00A89698 /* ComposeViewController.swift in Sources */ = {isa = PBXBuildFile; fileRef = FC9AD7C4202398CE00A89698 /* ComposeViewController.swift */; };
		FC9AD7C82023995C00A89698 /* ProfileViewController.swift in Sources */ = {isa = PBXBuildFile; fileRef = FC9AD7C72023995C00A89698 /* ProfileViewController.swift */; };
/* End PBXBuildFile section */

/* Begin PBXContainerItemProxy section */
		FC9AD779201FE48500A89698 /* PBXContainerItemProxy */ = {
			isa = PBXContainerItemProxy;
			containerPortal = FC9AD75C201FE48500A89698 /* Project object */;
			proxyType = 1;
			remoteGlobalIDString = FC9AD763201FE48500A89698;
			remoteInfo = Instagram;
		};
		FC9AD784201FE48500A89698 /* PBXContainerItemProxy */ = {
			isa = PBXContainerItemProxy;
			containerPortal = FC9AD75C201FE48500A89698 /* Project object */;
			proxyType = 1;
			remoteGlobalIDString = FC9AD763201FE48500A89698;
			remoteInfo = Instagram;
		};
/* End PBXContainerItemProxy section */

/* Begin PBXFileReference section */
		4820F0BCFC6BBDCC680BF31B /* Pods-InstagramUITests.debug.xcconfig */ = {isa = PBXFileReference; includeInIndex = 1; lastKnownFileType = text.xcconfig; name = "Pods-InstagramUITests.debug.xcconfig"; path = "Pods/Target Support Files/Pods-InstagramUITests/Pods-InstagramUITests.debug.xcconfig"; sourceTree = "<group>"; };
		4E8E47477AEE4F582201994A /* Pods_InstagramUITests.framework */ = {isa = PBXFileReference; explicitFileType = wrapper.framework; includeInIndex = 0; path = Pods_InstagramUITests.framework; sourceTree = BUILT_PRODUCTS_DIR; };
		634DC3215AF2699707030EA8 /* Pods-Instagram.debug.xcconfig */ = {isa = PBXFileReference; includeInIndex = 1; lastKnownFileType = text.xcconfig; name = "Pods-Instagram.debug.xcconfig"; path = "Pods/Target Support Files/Pods-Instagram/Pods-Instagram.debug.xcconfig"; sourceTree = "<group>"; };
		83425D2A3798CEAFDFC34844 /* Pods_InstagramTests.framework */ = {isa = PBXFileReference; explicitFileType = wrapper.framework; includeInIndex = 0; path = Pods_InstagramTests.framework; sourceTree = BUILT_PRODUCTS_DIR; };
		8B995FBBBD554434098CCA29 /* Pods_Instagram.framework */ = {isa = PBXFileReference; explicitFileType = wrapper.framework; includeInIndex = 0; path = Pods_Instagram.framework; sourceTree = BUILT_PRODUCTS_DIR; };
		94460147EE8631109F806296 /* Pods-InstagramTests.debug.xcconfig */ = {isa = PBXFileReference; includeInIndex = 1; lastKnownFileType = text.xcconfig; name = "Pods-InstagramTests.debug.xcconfig"; path = "Pods/Target Support Files/Pods-InstagramTests/Pods-InstagramTests.debug.xcconfig"; sourceTree = "<group>"; };
		B0FBF16D51EB1226A6630292 /* Pods-InstagramUITests.release.xcconfig */ = {isa = PBXFileReference; includeInIndex = 1; lastKnownFileType = text.xcconfig; name = "Pods-InstagramUITests.release.xcconfig"; path = "Pods/Target Support Files/Pods-InstagramUITests/Pods-InstagramUITests.release.xcconfig"; sourceTree = "<group>"; };
		C8D539689BC08ED0B4A043A3 /* Pods-InstagramTests.release.xcconfig */ = {isa = PBXFileReference; includeInIndex = 1; lastKnownFileType = text.xcconfig; name = "Pods-InstagramTests.release.xcconfig"; path = "Pods/Target Support Files/Pods-InstagramTests/Pods-InstagramTests.release.xcconfig"; sourceTree = "<group>"; };
		E2A75EC026D1EB0EFBDE6285 /* Pods-Instagram.release.xcconfig */ = {isa = PBXFileReference; includeInIndex = 1; lastKnownFileType = text.xcconfig; name = "Pods-Instagram.release.xcconfig"; path = "Pods/Target Support Files/Pods-Instagram/Pods-Instagram.release.xcconfig"; sourceTree = "<group>"; };
		FC9AD764201FE48500A89698 /* Instagram.app */ = {isa = PBXFileReference; explicitFileType = wrapper.application; includeInIndex = 0; path = Instagram.app; sourceTree = BUILT_PRODUCTS_DIR; };
		FC9AD767201FE48500A89698 /* AppDelegate.swift */ = {isa = PBXFileReference; lastKnownFileType = sourcecode.swift; path = AppDelegate.swift; sourceTree = "<group>"; };
		FC9AD76C201FE48500A89698 /* Base */ = {isa = PBXFileReference; lastKnownFileType = file.storyboard; name = Base; path = Base.lproj/Main.storyboard; sourceTree = "<group>"; };
		FC9AD76E201FE48500A89698 /* Assets.xcassets */ = {isa = PBXFileReference; lastKnownFileType = folder.assetcatalog; path = Assets.xcassets; sourceTree = "<group>"; };
		FC9AD771201FE48500A89698 /* Base */ = {isa = PBXFileReference; lastKnownFileType = file.storyboard; name = Base; path = Base.lproj/LaunchScreen.storyboard; sourceTree = "<group>"; };
		FC9AD773201FE48500A89698 /* Info.plist */ = {isa = PBXFileReference; lastKnownFileType = text.plist.xml; path = Info.plist; sourceTree = "<group>"; };
		FC9AD778201FE48500A89698 /* InstagramTests.xctest */ = {isa = PBXFileReference; explicitFileType = wrapper.cfbundle; includeInIndex = 0; path = InstagramTests.xctest; sourceTree = BUILT_PRODUCTS_DIR; };
		FC9AD77C201FE48500A89698 /* InstagramTests.swift */ = {isa = PBXFileReference; lastKnownFileType = sourcecode.swift; path = InstagramTests.swift; sourceTree = "<group>"; };
		FC9AD77E201FE48500A89698 /* Info.plist */ = {isa = PBXFileReference; lastKnownFileType = text.plist.xml; path = Info.plist; sourceTree = "<group>"; };
		FC9AD783201FE48500A89698 /* InstagramUITests.xctest */ = {isa = PBXFileReference; explicitFileType = wrapper.cfbundle; includeInIndex = 0; path = InstagramUITests.xctest; sourceTree = BUILT_PRODUCTS_DIR; };
		FC9AD787201FE48500A89698 /* InstagramUITests.swift */ = {isa = PBXFileReference; lastKnownFileType = sourcecode.swift; path = InstagramUITests.swift; sourceTree = "<group>"; };
		FC9AD789201FE48500A89698 /* Info.plist */ = {isa = PBXFileReference; lastKnownFileType = text.plist.xml; path = Info.plist; sourceTree = "<group>"; };
		FC9AD795201FE51700A89698 /* GoogleService-Info.plist */ = {isa = PBXFileReference; fileEncoding = 4; lastKnownFileType = text.plist.xml; name = "GoogleService-Info.plist"; path = "../../../../../Downloads/GoogleService-Info.plist"; sourceTree = "<group>"; };
		FC9AD799201FE8EF00A89698 /* LoginViewController.swift */ = {isa = PBXFileReference; lastKnownFileType = sourcecode.swift; path = LoginViewController.swift; sourceTree = "<group>"; };
		FC9AD79D2020319300A89698 /* HomeFeedViewController.swift */ = {isa = PBXFileReference; lastKnownFileType = sourcecode.swift; path = HomeFeedViewController.swift; sourceTree = "<group>"; };
		FC9AD7C4202398CE00A89698 /* ComposeViewController.swift */ = {isa = PBXFileReference; lastKnownFileType = sourcecode.swift; path = ComposeViewController.swift; sourceTree = "<group>"; };
		FC9AD7C72023995C00A89698 /* ProfileViewController.swift */ = {isa = PBXFileReference; lastKnownFileType = sourcecode.swift; path = ProfileViewController.swift; sourceTree = "<group>"; };
/* End PBXFileReference section */

/* Begin PBXFrameworksBuildPhase section */
		FC9AD761201FE48500A89698 /* Frameworks */ = {
			isa = PBXFrameworksBuildPhase;
			buildActionMask = 2147483647;
			files = (
				38CE09BD238F9734BE1AE132 /* Pods_Instagram.framework in Frameworks */,
			);
			runOnlyForDeploymentPostprocessing = 0;
		};
		FC9AD775201FE48500A89698 /* Frameworks */ = {
			isa = PBXFrameworksBuildPhase;
			buildActionMask = 2147483647;
			files = (
				938C83AF45F33C92963F091A /* Pods_InstagramTests.framework in Frameworks */,
			);
			runOnlyForDeploymentPostprocessing = 0;
		};
		FC9AD780201FE48500A89698 /* Frameworks */ = {
			isa = PBXFrameworksBuildPhase;
			buildActionMask = 2147483647;
			files = (
				E55B992A40621DB774418340 /* Pods_InstagramUITests.framework in Frameworks */,
			);
			runOnlyForDeploymentPostprocessing = 0;
		};
/* End PBXFrameworksBuildPhase section */

/* Begin PBXGroup section */
		373840FA57B791F6402E57C9 /* Frameworks */ = {
			isa = PBXGroup;
			children = (
				8B995FBBBD554434098CCA29 /* Pods_Instagram.framework */,
				83425D2A3798CEAFDFC34844 /* Pods_InstagramTests.framework */,
				4E8E47477AEE4F582201994A /* Pods_InstagramUITests.framework */,
			);
			name = Frameworks;
			sourceTree = "<group>";
		};
		6DC1958AC3BDADD3FDFB4F14 /* Pods */ = {
			isa = PBXGroup;
			children = (
				634DC3215AF2699707030EA8 /* Pods-Instagram.debug.xcconfig */,
				E2A75EC026D1EB0EFBDE6285 /* Pods-Instagram.release.xcconfig */,
				94460147EE8631109F806296 /* Pods-InstagramTests.debug.xcconfig */,
				C8D539689BC08ED0B4A043A3 /* Pods-InstagramTests.release.xcconfig */,
				4820F0BCFC6BBDCC680BF31B /* Pods-InstagramUITests.debug.xcconfig */,
				B0FBF16D51EB1226A6630292 /* Pods-InstagramUITests.release.xcconfig */,
			);
			name = Pods;
			sourceTree = "<group>";
		};
		FC9AD75B201FE48500A89698 = {
			isa = PBXGroup;
			children = (
				FC9AD766201FE48500A89698 /* Instagram */,
				FC9AD77B201FE48500A89698 /* InstagramTests */,
				FC9AD786201FE48500A89698 /* InstagramUITests */,
				FC9AD765201FE48500A89698 /* Products */,
				6DC1958AC3BDADD3FDFB4F14 /* Pods */,
				373840FA57B791F6402E57C9 /* Frameworks */,
			);
			sourceTree = "<group>";
		};
		FC9AD765201FE48500A89698 /* Products */ = {
			isa = PBXGroup;
			children = (
				FC9AD764201FE48500A89698 /* Instagram.app */,
				FC9AD778201FE48500A89698 /* InstagramTests.xctest */,
				FC9AD783201FE48500A89698 /* InstagramUITests.xctest */,
			);
			name = Products;
			sourceTree = "<group>";
		};
		FC9AD766201FE48500A89698 /* Instagram */ = {
			isa = PBXGroup;
			children = (
				FC9AD7C6202398F200A89698 /* View Controllers */,
				FC9AD76B201FE48500A89698 /* Main.storyboard */,
				FC9AD767201FE48500A89698 /* AppDelegate.swift */,
				FC9AD76E201FE48500A89698 /* Assets.xcassets */,
				FC9AD770201FE48500A89698 /* LaunchScreen.storyboard */,
				FC9AD773201FE48500A89698 /* Info.plist */,
				FC9AD795201FE51700A89698 /* GoogleService-Info.plist */,
			);
			path = Instagram;
			sourceTree = "<group>";
		};
		FC9AD77B201FE48500A89698 /* InstagramTests */ = {
			isa = PBXGroup;
			children = (
				FC9AD77C201FE48500A89698 /* InstagramTests.swift */,
				FC9AD77E201FE48500A89698 /* Info.plist */,
			);
			path = InstagramTests;
			sourceTree = "<group>";
		};
		FC9AD786201FE48500A89698 /* InstagramUITests */ = {
			isa = PBXGroup;
			children = (
				FC9AD787201FE48500A89698 /* InstagramUITests.swift */,
				FC9AD789201FE48500A89698 /* Info.plist */,
			);
			path = InstagramUITests;
			sourceTree = "<group>";
		};
		FC9AD7C6202398F200A89698 /* View Controllers */ = {
			isa = PBXGroup;
			children = (
				FC9AD799201FE8EF00A89698 /* LoginViewController.swift */,
				FC9AD79D2020319300A89698 /* HomeFeedViewController.swift */,
				FC9AD7C4202398CE00A89698 /* ComposeViewController.swift */,
				FC9AD7C72023995C00A89698 /* ProfileViewController.swift */,
			);
			path = "View Controllers";
			sourceTree = "<group>";
		};
/* End PBXGroup section */

/* Begin PBXNativeTarget section */
		FC9AD763201FE48500A89698 /* Instagram */ = {
			isa = PBXNativeTarget;
			buildConfigurationList = FC9AD78C201FE48500A89698 /* Build configuration list for PBXNativeTarget "Instagram" */;
			buildPhases = (
				2D5995233D21102C1AFB6D2D /* [CP] Check Pods Manifest.lock */,
				FC9AD760201FE48500A89698 /* Sources */,
				FC9AD761201FE48500A89698 /* Frameworks */,
				FC9AD762201FE48500A89698 /* Resources */,
				806B2EFE6AD9E0DFFE970008 /* [CP] Embed Pods Frameworks */,
				026379049BE96B1045F584F1 /* [CP] Copy Pods Resources */,
			);
			buildRules = (
			);
			dependencies = (
			);
			name = Instagram;
			productName = Instagram;
			productReference = FC9AD764201FE48500A89698 /* Instagram.app */;
			productType = "com.apple.product-type.application";
		};
		FC9AD777201FE48500A89698 /* InstagramTests */ = {
			isa = PBXNativeTarget;
			buildConfigurationList = FC9AD78F201FE48500A89698 /* Build configuration list for PBXNativeTarget "InstagramTests" */;
			buildPhases = (
				87B2F9E556D0B8275EF87676 /* [CP] Check Pods Manifest.lock */,
				FC9AD774201FE48500A89698 /* Sources */,
				FC9AD775201FE48500A89698 /* Frameworks */,
				FC9AD776201FE48500A89698 /* Resources */,
				BE34E6176F168EC68F1D05FB /* [CP] Embed Pods Frameworks */,
				D3EA7F41202E731A35AFB65A /* [CP] Copy Pods Resources */,
			);
			buildRules = (
			);
			dependencies = (
				FC9AD77A201FE48500A89698 /* PBXTargetDependency */,
			);
			name = InstagramTests;
			productName = InstagramTests;
			productReference = FC9AD778201FE48500A89698 /* InstagramTests.xctest */;
			productType = "com.apple.product-type.bundle.unit-test";
		};
		FC9AD782201FE48500A89698 /* InstagramUITests */ = {
			isa = PBXNativeTarget;
			buildConfigurationList = FC9AD792201FE48500A89698 /* Build configuration list for PBXNativeTarget "InstagramUITests" */;
			buildPhases = (
				B318C827B59CDA71F4FB7945 /* [CP] Check Pods Manifest.lock */,
				FC9AD77F201FE48500A89698 /* Sources */,
				FC9AD780201FE48500A89698 /* Frameworks */,
				FC9AD781201FE48500A89698 /* Resources */,
				1CD7FA59DA86A61DC5D42BCB /* [CP] Embed Pods Frameworks */,
				99CE4E33E06CF9B6981DE8F1 /* [CP] Copy Pods Resources */,
			);
			buildRules = (
			);
			dependencies = (
				FC9AD785201FE48500A89698 /* PBXTargetDependency */,
			);
			name = InstagramUITests;
			productName = InstagramUITests;
			productReference = FC9AD783201FE48500A89698 /* InstagramUITests.xctest */;
			productType = "com.apple.product-type.bundle.ui-testing";
		};
/* End PBXNativeTarget section */

/* Begin PBXProject section */
		FC9AD75C201FE48500A89698 /* Project object */ = {
			isa = PBXProject;
			attributes = {
				LastSwiftUpdateCheck = 0920;
				LastUpgradeCheck = 0920;
				ORGANIZATIONNAME = "Shaurya Sinha";
				TargetAttributes = {
					FC9AD763201FE48500A89698 = {
						CreatedOnToolsVersion = 9.2;
						ProvisioningStyle = Automatic;
					};
					FC9AD777201FE48500A89698 = {
						CreatedOnToolsVersion = 9.2;
						ProvisioningStyle = Automatic;
						TestTargetID = FC9AD763201FE48500A89698;
					};
					FC9AD782201FE48500A89698 = {
						CreatedOnToolsVersion = 9.2;
						ProvisioningStyle = Automatic;
						TestTargetID = FC9AD763201FE48500A89698;
					};
				};
			};
			buildConfigurationList = FC9AD75F201FE48500A89698 /* Build configuration list for PBXProject "Instagram" */;
			compatibilityVersion = "Xcode 8.0";
			developmentRegion = en;
			hasScannedForEncodings = 0;
			knownRegions = (
				en,
				Base,
			);
			mainGroup = FC9AD75B201FE48500A89698;
			productRefGroup = FC9AD765201FE48500A89698 /* Products */;
			projectDirPath = "";
			projectRoot = "";
			targets = (
				FC9AD763201FE48500A89698 /* Instagram */,
				FC9AD777201FE48500A89698 /* InstagramTests */,
				FC9AD782201FE48500A89698 /* InstagramUITests */,
			);
		};
/* End PBXProject section */

/* Begin PBXResourcesBuildPhase section */
		FC9AD762201FE48500A89698 /* Resources */ = {
			isa = PBXResourcesBuildPhase;
			buildActionMask = 2147483647;
			files = (
				FC9AD772201FE48500A89698 /* LaunchScreen.storyboard in Resources */,
				FC9AD796201FE51700A89698 /* GoogleService-Info.plist in Resources */,
				FC9AD76F201FE48500A89698 /* Assets.xcassets in Resources */,
				FC9AD76D201FE48500A89698 /* Main.storyboard in Resources */,
			);
			runOnlyForDeploymentPostprocessing = 0;
		};
		FC9AD776201FE48500A89698 /* Resources */ = {
			isa = PBXResourcesBuildPhase;
			buildActionMask = 2147483647;
			files = (
				FC9AD797201FE51700A89698 /* GoogleService-Info.plist in Resources */,
			);
			runOnlyForDeploymentPostprocessing = 0;
		};
		FC9AD781201FE48500A89698 /* Resources */ = {
			isa = PBXResourcesBuildPhase;
			buildActionMask = 2147483647;
			files = (
				FC9AD798201FE51700A89698 /* GoogleService-Info.plist in Resources */,
			);
			runOnlyForDeploymentPostprocessing = 0;
		};
/* End PBXResourcesBuildPhase section */

/* Begin PBXShellScriptBuildPhase section */
		026379049BE96B1045F584F1 /* [CP] Copy Pods Resources */ = {
			isa = PBXShellScriptBuildPhase;
			buildActionMask = 2147483647;
			files = (
			);
			inputPaths = (
			);
			name = "[CP] Copy Pods Resources";
			outputPaths = (
			);
			runOnlyForDeploymentPostprocessing = 0;
			shellPath = /bin/sh;
			shellScript = "\"${SRCROOT}/Pods/Target Support Files/Pods-Instagram/Pods-Instagram-resources.sh\"\n";
			showEnvVarsInLog = 0;
		};
		1CD7FA59DA86A61DC5D42BCB /* [CP] Embed Pods Frameworks */ = {
			isa = PBXShellScriptBuildPhase;
			buildActionMask = 2147483647;
			files = (
			);
			inputPaths = (
			);
			name = "[CP] Embed Pods Frameworks";
			outputPaths = (
			);
			runOnlyForDeploymentPostprocessing = 0;
			shellPath = /bin/sh;
			shellScript = "\"${SRCROOT}/Pods/Target Support Files/Pods-InstagramUITests/Pods-InstagramUITests-frameworks.sh\"\n";
			showEnvVarsInLog = 0;
		};
		2D5995233D21102C1AFB6D2D /* [CP] Check Pods Manifest.lock */ = {
			isa = PBXShellScriptBuildPhase;
			buildActionMask = 2147483647;
			files = (
			);
			inputPaths = (
				"${PODS_PODFILE_DIR_PATH}/Podfile.lock",
				"${PODS_ROOT}/Manifest.lock",
			);
			name = "[CP] Check Pods Manifest.lock";
			outputPaths = (
				"$(DERIVED_FILE_DIR)/Pods-Instagram-checkManifestLockResult.txt",
			);
			runOnlyForDeploymentPostprocessing = 0;
			shellPath = /bin/sh;
			shellScript = "diff \"${PODS_PODFILE_DIR_PATH}/Podfile.lock\" \"${PODS_ROOT}/Manifest.lock\" > /dev/null\nif [ $? != 0 ] ; then\n    # print error to STDERR\n    echo \"error: The sandbox is not in sync with the Podfile.lock. Run 'pod install' or update your CocoaPods installation.\" >&2\n    exit 1\nfi\n# This output is used by Xcode 'outputs' to avoid re-running this script phase.\necho \"SUCCESS\" > \"${SCRIPT_OUTPUT_FILE_0}\"\n";
			showEnvVarsInLog = 0;
		};
		806B2EFE6AD9E0DFFE970008 /* [CP] Embed Pods Frameworks */ = {
			isa = PBXShellScriptBuildPhase;
			buildActionMask = 2147483647;
			files = (
			);
			inputPaths = (
				"${SRCROOT}/Pods/Target Support Files/Pods-Instagram/Pods-Instagram-frameworks.sh",
				"${BUILT_PRODUCTS_DIR}/GTMSessionFetcher/GTMSessionFetcher.framework",
				"${BUILT_PRODUCTS_DIR}/GoogleToolboxForMac/GoogleToolboxForMac.framework",
				"${BUILT_PRODUCTS_DIR}/nanopb/nanopb.framework",
			);
			name = "[CP] Embed Pods Frameworks";
			outputPaths = (
				"${TARGET_BUILD_DIR}/${FRAMEWORKS_FOLDER_PATH}/GTMSessionFetcher.framework",
				"${TARGET_BUILD_DIR}/${FRAMEWORKS_FOLDER_PATH}/GoogleToolboxForMac.framework",
				"${TARGET_BUILD_DIR}/${FRAMEWORKS_FOLDER_PATH}/nanopb.framework",
			);
			runOnlyForDeploymentPostprocessing = 0;
			shellPath = /bin/sh;
			shellScript = "\"${SRCROOT}/Pods/Target Support Files/Pods-Instagram/Pods-Instagram-frameworks.sh\"\n";
			showEnvVarsInLog = 0;
		};
		87B2F9E556D0B8275EF87676 /* [CP] Check Pods Manifest.lock */ = {
			isa = PBXShellScriptBuildPhase;
			buildActionMask = 2147483647;
			files = (
			);
			inputPaths = (
				"${PODS_PODFILE_DIR_PATH}/Podfile.lock",
				"${PODS_ROOT}/Manifest.lock",
			);
			name = "[CP] Check Pods Manifest.lock";
			outputPaths = (
				"$(DERIVED_FILE_DIR)/Pods-InstagramTests-checkManifestLockResult.txt",
			);
			runOnlyForDeploymentPostprocessing = 0;
			shellPath = /bin/sh;
			shellScript = "diff \"${PODS_PODFILE_DIR_PATH}/Podfile.lock\" \"${PODS_ROOT}/Manifest.lock\" > /dev/null\nif [ $? != 0 ] ; then\n    # print error to STDERR\n    echo \"error: The sandbox is not in sync with the Podfile.lock. Run 'pod install' or update your CocoaPods installation.\" >&2\n    exit 1\nfi\n# This output is used by Xcode 'outputs' to avoid re-running this script phase.\necho \"SUCCESS\" > \"${SCRIPT_OUTPUT_FILE_0}\"\n";
			showEnvVarsInLog = 0;
		};
		99CE4E33E06CF9B6981DE8F1 /* [CP] Copy Pods Resources */ = {
			isa = PBXShellScriptBuildPhase;
			buildActionMask = 2147483647;
			files = (
			);
			inputPaths = (
			);
			name = "[CP] Copy Pods Resources";
			outputPaths = (
			);
			runOnlyForDeploymentPostprocessing = 0;
			shellPath = /bin/sh;
			shellScript = "\"${SRCROOT}/Pods/Target Support Files/Pods-InstagramUITests/Pods-InstagramUITests-resources.sh\"\n";
			showEnvVarsInLog = 0;
		};
		B318C827B59CDA71F4FB7945 /* [CP] Check Pods Manifest.lock */ = {
			isa = PBXShellScriptBuildPhase;
			buildActionMask = 2147483647;
			files = (
			);
			inputPaths = (
				"${PODS_PODFILE_DIR_PATH}/Podfile.lock",
				"${PODS_ROOT}/Manifest.lock",
			);
			name = "[CP] Check Pods Manifest.lock";
			outputPaths = (
				"$(DERIVED_FILE_DIR)/Pods-InstagramUITests-checkManifestLockResult.txt",
			);
			runOnlyForDeploymentPostprocessing = 0;
			shellPath = /bin/sh;
			shellScript = "diff \"${PODS_PODFILE_DIR_PATH}/Podfile.lock\" \"${PODS_ROOT}/Manifest.lock\" > /dev/null\nif [ $? != 0 ] ; then\n    # print error to STDERR\n    echo \"error: The sandbox is not in sync with the Podfile.lock. Run 'pod install' or update your CocoaPods installation.\" >&2\n    exit 1\nfi\n# This output is used by Xcode 'outputs' to avoid re-running this script phase.\necho \"SUCCESS\" > \"${SCRIPT_OUTPUT_FILE_0}\"\n";
			showEnvVarsInLog = 0;
		};
		BE34E6176F168EC68F1D05FB /* [CP] Embed Pods Frameworks */ = {
			isa = PBXShellScriptBuildPhase;
			buildActionMask = 2147483647;
			files = (
			);
			inputPaths = (
			);
			name = "[CP] Embed Pods Frameworks";
			outputPaths = (
			);
			runOnlyForDeploymentPostprocessing = 0;
			shellPath = /bin/sh;
			shellScript = "\"${SRCROOT}/Pods/Target Support Files/Pods-InstagramTests/Pods-InstagramTests-frameworks.sh\"\n";
			showEnvVarsInLog = 0;
		};
		D3EA7F41202E731A35AFB65A /* [CP] Copy Pods Resources */ = {
			isa = PBXShellScriptBuildPhase;
			buildActionMask = 2147483647;
			files = (
			);
			inputPaths = (
			);
			name = "[CP] Copy Pods Resources";
			outputPaths = (
			);
			runOnlyForDeploymentPostprocessing = 0;
			shellPath = /bin/sh;
			shellScript = "\"${SRCROOT}/Pods/Target Support Files/Pods-InstagramTests/Pods-InstagramTests-resources.sh\"\n";
			showEnvVarsInLog = 0;
		};
/* End PBXShellScriptBuildPhase section */

/* Begin PBXSourcesBuildPhase section */
		FC9AD760201FE48500A89698 /* Sources */ = {
			isa = PBXSourcesBuildPhase;
			buildActionMask = 2147483647;
			files = (
				FC9AD79A201FE8EF00A89698 /* LoginViewController.swift in Sources */,
				FC9AD768201FE48500A89698 /* AppDelegate.swift in Sources */,
				FC9AD7C82023995C00A89698 /* ProfileViewController.swift in Sources */,
				FC9AD79E2020319400A89698 /* HomeFeedViewController.swift in Sources */,
				FC9AD7C5202398CE00A89698 /* ComposeViewController.swift in Sources */,
			);
			runOnlyForDeploymentPostprocessing = 0;
		};
		FC9AD774201FE48500A89698 /* Sources */ = {
			isa = PBXSourcesBuildPhase;
			buildActionMask = 2147483647;
			files = (
				FC9AD77D201FE48500A89698 /* InstagramTests.swift in Sources */,
			);
			runOnlyForDeploymentPostprocessing = 0;
		};
		FC9AD77F201FE48500A89698 /* Sources */ = {
			isa = PBXSourcesBuildPhase;
			buildActionMask = 2147483647;
			files = (
				FC9AD788201FE48500A89698 /* InstagramUITests.swift in Sources */,
			);
			runOnlyForDeploymentPostprocessing = 0;
		};
/* End PBXSourcesBuildPhase section */

/* Begin PBXTargetDependency section */
		FC9AD77A201FE48500A89698 /* PBXTargetDependency */ = {
			isa = PBXTargetDependency;
			target = FC9AD763201FE48500A89698 /* Instagram */;
			targetProxy = FC9AD779201FE48500A89698 /* PBXContainerItemProxy */;
		};
		FC9AD785201FE48500A89698 /* PBXTargetDependency */ = {
			isa = PBXTargetDependency;
			target = FC9AD763201FE48500A89698 /* Instagram */;
			targetProxy = FC9AD784201FE48500A89698 /* PBXContainerItemProxy */;
		};
/* End PBXTargetDependency section */

/* Begin PBXVariantGroup section */
		FC9AD76B201FE48500A89698 /* Main.storyboard */ = {
			isa = PBXVariantGroup;
			children = (
				FC9AD76C201FE48500A89698 /* Base */,
			);
			name = Main.storyboard;
			sourceTree = "<group>";
		};
		FC9AD770201FE48500A89698 /* LaunchScreen.storyboard */ = {
			isa = PBXVariantGroup;
			children = (
				FC9AD771201FE48500A89698 /* Base */,
			);
			name = LaunchScreen.storyboard;
			sourceTree = "<group>";
		};
/* End PBXVariantGroup section */

/* Begin XCBuildConfiguration section */
		FC9AD78A201FE48500A89698 /* Debug */ = {
			isa = XCBuildConfiguration;
			buildSettings = {
				ALWAYS_SEARCH_USER_PATHS = NO;
				CLANG_ANALYZER_NONNULL = YES;
				CLANG_ANALYZER_NUMBER_OBJECT_CONVERSION = YES_AGGRESSIVE;
				CLANG_CXX_LANGUAGE_STANDARD = "gnu++14";
				CLANG_CXX_LIBRARY = "libc++";
				CLANG_ENABLE_MODULES = YES;
				CLANG_ENABLE_OBJC_ARC = YES;
				CLANG_WARN_BLOCK_CAPTURE_AUTORELEASING = YES;
				CLANG_WARN_BOOL_CONVERSION = YES;
				CLANG_WARN_COMMA = YES;
				CLANG_WARN_CONSTANT_CONVERSION = YES;
				CLANG_WARN_DIRECT_OBJC_ISA_USAGE = YES_ERROR;
				CLANG_WARN_DOCUMENTATION_COMMENTS = YES;
				CLANG_WARN_EMPTY_BODY = YES;
				CLANG_WARN_ENUM_CONVERSION = YES;
				CLANG_WARN_INFINITE_RECURSION = YES;
				CLANG_WARN_INT_CONVERSION = YES;
				CLANG_WARN_NON_LITERAL_NULL_CONVERSION = YES;
				CLANG_WARN_OBJC_LITERAL_CONVERSION = YES;
				CLANG_WARN_OBJC_ROOT_CLASS = YES_ERROR;
				CLANG_WARN_RANGE_LOOP_ANALYSIS = YES;
				CLANG_WARN_STRICT_PROTOTYPES = YES;
				CLANG_WARN_SUSPICIOUS_MOVE = YES;
				CLANG_WARN_UNGUARDED_AVAILABILITY = YES_AGGRESSIVE;
				CLANG_WARN_UNREACHABLE_CODE = YES;
				CLANG_WARN__DUPLICATE_METHOD_MATCH = YES;
				CODE_SIGN_IDENTITY = "iPhone Developer";
				COPY_PHASE_STRIP = NO;
				DEBUG_INFORMATION_FORMAT = dwarf;
				ENABLE_STRICT_OBJC_MSGSEND = YES;
				ENABLE_TESTABILITY = YES;
				GCC_C_LANGUAGE_STANDARD = gnu11;
				GCC_DYNAMIC_NO_PIC = NO;
				GCC_NO_COMMON_BLOCKS = YES;
				GCC_OPTIMIZATION_LEVEL = 0;
				GCC_PREPROCESSOR_DEFINITIONS = (
					"DEBUG=1",
					"$(inherited)",
				);
				GCC_WARN_64_TO_32_BIT_CONVERSION = YES;
				GCC_WARN_ABOUT_RETURN_TYPE = YES_ERROR;
				GCC_WARN_UNDECLARED_SELECTOR = YES;
				GCC_WARN_UNINITIALIZED_AUTOS = YES_AGGRESSIVE;
				GCC_WARN_UNUSED_FUNCTION = YES;
				GCC_WARN_UNUSED_VARIABLE = YES;
				IPHONEOS_DEPLOYMENT_TARGET = 11.2;
				MTL_ENABLE_DEBUG_INFO = YES;
				ONLY_ACTIVE_ARCH = YES;
				SDKROOT = iphoneos;
				SWIFT_ACTIVE_COMPILATION_CONDITIONS = DEBUG;
				SWIFT_OPTIMIZATION_LEVEL = "-Onone";
			};
			name = Debug;
		};
		FC9AD78B201FE48500A89698 /* Release */ = {
			isa = XCBuildConfiguration;
			buildSettings = {
				ALWAYS_SEARCH_USER_PATHS = NO;
				CLANG_ANALYZER_NONNULL = YES;
				CLANG_ANALYZER_NUMBER_OBJECT_CONVERSION = YES_AGGRESSIVE;
				CLANG_CXX_LANGUAGE_STANDARD = "gnu++14";
				CLANG_CXX_LIBRARY = "libc++";
				CLANG_ENABLE_MODULES = YES;
				CLANG_ENABLE_OBJC_ARC = YES;
				CLANG_WARN_BLOCK_CAPTURE_AUTORELEASING = YES;
				CLANG_WARN_BOOL_CONVERSION = YES;
				CLANG_WARN_COMMA = YES;
				CLANG_WARN_CONSTANT_CONVERSION = YES;
				CLANG_WARN_DIRECT_OBJC_ISA_USAGE = YES_ERROR;
				CLANG_WARN_DOCUMENTATION_COMMENTS = YES;
				CLANG_WARN_EMPTY_BODY = YES;
				CLANG_WARN_ENUM_CONVERSION = YES;
				CLANG_WARN_INFINITE_RECURSION = YES;
				CLANG_WARN_INT_CONVERSION = YES;
				CLANG_WARN_NON_LITERAL_NULL_CONVERSION = YES;
				CLANG_WARN_OBJC_LITERAL_CONVERSION = YES;
				CLANG_WARN_OBJC_ROOT_CLASS = YES_ERROR;
				CLANG_WARN_RANGE_LOOP_ANALYSIS = YES;
				CLANG_WARN_STRICT_PROTOTYPES = YES;
				CLANG_WARN_SUSPICIOUS_MOVE = YES;
				CLANG_WARN_UNGUARDED_AVAILABILITY = YES_AGGRESSIVE;
				CLANG_WARN_UNREACHABLE_CODE = YES;
				CLANG_WARN__DUPLICATE_METHOD_MATCH = YES;
				CODE_SIGN_IDENTITY = "iPhone Developer";
				COPY_PHASE_STRIP = NO;
				DEBUG_INFORMATION_FORMAT = "dwarf-with-dsym";
				ENABLE_NS_ASSERTIONS = NO;
				ENABLE_STRICT_OBJC_MSGSEND = YES;
				GCC_C_LANGUAGE_STANDARD = gnu11;
				GCC_NO_COMMON_BLOCKS = YES;
				GCC_WARN_64_TO_32_BIT_CONVERSION = YES;
				GCC_WARN_ABOUT_RETURN_TYPE = YES_ERROR;
				GCC_WARN_UNDECLARED_SELECTOR = YES;
				GCC_WARN_UNINITIALIZED_AUTOS = YES_AGGRESSIVE;
				GCC_WARN_UNUSED_FUNCTION = YES;
				GCC_WARN_UNUSED_VARIABLE = YES;
				IPHONEOS_DEPLOYMENT_TARGET = 11.2;
				MTL_ENABLE_DEBUG_INFO = NO;
				SDKROOT = iphoneos;
				SWIFT_OPTIMIZATION_LEVEL = "-Owholemodule";
				VALIDATE_PRODUCT = YES;
			};
			name = Release;
		};
		FC9AD78D201FE48500A89698 /* Debug */ = {
			isa = XCBuildConfiguration;
			baseConfigurationReference = 634DC3215AF2699707030EA8 /* Pods-Instagram.debug.xcconfig */;
			buildSettings = {
				ASSETCATALOG_COMPILER_APPICON_NAME = AppIcon;
				CODE_SIGN_STYLE = Automatic;
				DEVELOPMENT_TEAM = TWQXYA585K;
				INFOPLIST_FILE = Instagram/Info.plist;
				LD_RUNPATH_SEARCH_PATHS = "$(inherited) @executable_path/Frameworks";
				PRODUCT_BUNDLE_IDENTIFIER = com.Shaurya.Instagram;
				PRODUCT_NAME = "$(TARGET_NAME)";
				SWIFT_VERSION = 4.0;
				TARGETED_DEVICE_FAMILY = "1,2";
			};
			name = Debug;
		};
		FC9AD78E201FE48500A89698 /* Release */ = {
			isa = XCBuildConfiguration;
			baseConfigurationReference = E2A75EC026D1EB0EFBDE6285 /* Pods-Instagram.release.xcconfig */;
			buildSettings = {
				ASSETCATALOG_COMPILER_APPICON_NAME = AppIcon;
				CODE_SIGN_STYLE = Automatic;
				DEVELOPMENT_TEAM = TWQXYA585K;
				INFOPLIST_FILE = Instagram/Info.plist;
				LD_RUNPATH_SEARCH_PATHS = "$(inherited) @executable_path/Frameworks";
				PRODUCT_BUNDLE_IDENTIFIER = com.Shaurya.Instagram;
				PRODUCT_NAME = "$(TARGET_NAME)";
				SWIFT_VERSION = 4.0;
				TARGETED_DEVICE_FAMILY = "1,2";
			};
			name = Release;
		};
		FC9AD790201FE48500A89698 /* Debug */ = {
			isa = XCBuildConfiguration;
			baseConfigurationReference = 94460147EE8631109F806296 /* Pods-InstagramTests.debug.xcconfig */;
			buildSettings = {
				ALWAYS_EMBED_SWIFT_STANDARD_LIBRARIES = YES;
				BUNDLE_LOADER = "$(TEST_HOST)";
				CODE_SIGN_STYLE = Automatic;
				DEVELOPMENT_TEAM = TWQXYA585K;
				INFOPLIST_FILE = InstagramTests/Info.plist;
				LD_RUNPATH_SEARCH_PATHS = "$(inherited) @executable_path/Frameworks @loader_path/Frameworks";
				PRODUCT_BUNDLE_IDENTIFIER = com.Shaurya.InstagramTests;
				PRODUCT_NAME = "$(TARGET_NAME)";
				SWIFT_VERSION = 4.0;
				TARGETED_DEVICE_FAMILY = "1,2";
				TEST_HOST = "$(BUILT_PRODUCTS_DIR)/Instagram.app/Instagram";
			};
			name = Debug;
		};
		FC9AD791201FE48500A89698 /* Release */ = {
			isa = XCBuildConfiguration;
			baseConfigurationReference = C8D539689BC08ED0B4A043A3 /* Pods-InstagramTests.release.xcconfig */;
			buildSettings = {
				ALWAYS_EMBED_SWIFT_STANDARD_LIBRARIES = YES;
				BUNDLE_LOADER = "$(TEST_HOST)";
				CODE_SIGN_STYLE = Automatic;
				DEVELOPMENT_TEAM = TWQXYA585K;
				INFOPLIST_FILE = InstagramTests/Info.plist;
				LD_RUNPATH_SEARCH_PATHS = "$(inherited) @executable_path/Frameworks @loader_path/Frameworks";
				PRODUCT_BUNDLE_IDENTIFIER = com.Shaurya.InstagramTests;
				PRODUCT_NAME = "$(TARGET_NAME)";
				SWIFT_VERSION = 4.0;
				TARGETED_DEVICE_FAMILY = "1,2";
				TEST_HOST = "$(BUILT_PRODUCTS_DIR)/Instagram.app/Instagram";
			};
			name = Release;
		};
		FC9AD793201FE48500A89698 /* Debug */ = {
			isa = XCBuildConfiguration;
			baseConfigurationReference = 4820F0BCFC6BBDCC680BF31B /* Pods-InstagramUITests.debug.xcconfig */;
			buildSettings = {
				ALWAYS_EMBED_SWIFT_STANDARD_LIBRARIES = YES;
				CODE_SIGN_STYLE = Automatic;
				DEVELOPMENT_TEAM = TWQXYA585K;
				INFOPLIST_FILE = InstagramUITests/Info.plist;
				LD_RUNPATH_SEARCH_PATHS = "$(inherited) @executable_path/Frameworks @loader_path/Frameworks";
				PRODUCT_BUNDLE_IDENTIFIER = com.Shaurya.InstagramUITests;
				PRODUCT_NAME = "$(TARGET_NAME)";
				SWIFT_VERSION = 4.0;
				TARGETED_DEVICE_FAMILY = "1,2";
				TEST_TARGET_NAME = Instagram;
			};
			name = Debug;
		};
		FC9AD794201FE48500A89698 /* Release */ = {
			isa = XCBuildConfiguration;
			baseConfigurationReference = B0FBF16D51EB1226A6630292 /* Pods-InstagramUITests.release.xcconfig */;
			buildSettings = {
				ALWAYS_EMBED_SWIFT_STANDARD_LIBRARIES = YES;
				CODE_SIGN_STYLE = Automatic;
				DEVELOPMENT_TEAM = TWQXYA585K;
				INFOPLIST_FILE = InstagramUITests/Info.plist;
				LD_RUNPATH_SEARCH_PATHS = "$(inherited) @executable_path/Frameworks @loader_path/Frameworks";
				PRODUCT_BUNDLE_IDENTIFIER = com.Shaurya.InstagramUITests;
				PRODUCT_NAME = "$(TARGET_NAME)";
				SWIFT_VERSION = 4.0;
				TARGETED_DEVICE_FAMILY = "1,2";
				TEST_TARGET_NAME = Instagram;
			};
			name = Release;
		};
/* End XCBuildConfiguration section */

/* Begin XCConfigurationList section */
		FC9AD75F201FE48500A89698 /* Build configuration list for PBXProject "Instagram" */ = {
			isa = XCConfigurationList;
			buildConfigurations = (
				FC9AD78A201FE48500A89698 /* Debug */,
				FC9AD78B201FE48500A89698 /* Release */,
			);
			defaultConfigurationIsVisible = 0;
			defaultConfigurationName = Release;
		};
		FC9AD78C201FE48500A89698 /* Build configuration list for PBXNativeTarget "Instagram" */ = {
			isa = XCConfigurationList;
			buildConfigurations = (
				FC9AD78D201FE48500A89698 /* Debug */,
				FC9AD78E201FE48500A89698 /* Release */,
			);
			defaultConfigurationIsVisible = 0;
			defaultConfigurationName = Release;
		};
		FC9AD78F201FE48500A89698 /* Build configuration list for PBXNativeTarget "InstagramTests" */ = {
			isa = XCConfigurationList;
			buildConfigurations = (
				FC9AD790201FE48500A89698 /* Debug */,
				FC9AD791201FE48500A89698 /* Release */,
			);
			defaultConfigurationIsVisible = 0;
			defaultConfigurationName = Release;
		};
		FC9AD792201FE48500A89698 /* Build configuration list for PBXNativeTarget "InstagramUITests" */ = {
			isa = XCConfigurationList;
			buildConfigurations = (
				FC9AD793201FE48500A89698 /* Debug */,
				FC9AD794201FE48500A89698 /* Release */,
			);
			defaultConfigurationIsVisible = 0;
			defaultConfigurationName = Release;
		};
/* End XCConfigurationList section */
	};
	rootObject = FC9AD75C201FE48500A89698 /* Project object */;
}
